// !$*UTF8*$!
{
	archiveVersion = 1;
	classes = {
	};
	objectVersion = 46;
	objects = {

/* Begin PBXBuildFile section */
		A4E522AB1C57F5AE008A4AC2 /* AppDelegate.swift in Sources */ = {isa = PBXBuildFile; fileRef = A4E522AA1C57F5AE008A4AC2 /* AppDelegate.swift */; };
		A4E522AD1C57F5AE008A4AC2 /* ViewController.swift in Sources */ = {isa = PBXBuildFile; fileRef = A4E522AC1C57F5AE008A4AC2 /* ViewController.swift */; };
		A4E522B01C57F5AE008A4AC2 /* Main.storyboard in Resources */ = {isa = PBXBuildFile; fileRef = A4E522AE1C57F5AE008A4AC2 /* Main.storyboard */; };
		A4E522B21C57F5AE008A4AC2 /* Assets.xcassets in Resources */ = {isa = PBXBuildFile; fileRef = A4E522B11C57F5AE008A4AC2 /* Assets.xcassets */; };
		A4E522B51C57F5AE008A4AC2 /* LaunchScreen.storyboard in Resources */ = {isa = PBXBuildFile; fileRef = A4E522B31C57F5AE008A4AC2 /* LaunchScreen.storyboard */; };
/* End PBXBuildFile section */

/* Begin PBXFileReference section */
		A4E522A71C57F5AE008A4AC2 /* retro-calculator.app */ = {isa = PBXFileReference; explicitFileType = wrapper.application; includeInIndex = 0; path = "retro-calculator.app"; sourceTree = BUILT_PRODUCTS_DIR; };
		A4E522AA1C57F5AE008A4AC2 /* AppDelegate.swift */ = {isa = PBXFileReference; lastKnownFileType = sourcecode.swift; path = AppDelegate.swift; sourceTree = "<group>"; };
		A4E522AC1C57F5AE008A4AC2 /* ViewController.swift */ = {isa = PBXFileReference; lastKnownFileType = sourcecode.swift; path = ViewController.swift; sourceTree = "<group>"; };
		A4E522AF1C57F5AE008A4AC2 /* Base */ = {isa = PBXFileReference; lastKnownFileType = file.storyboard; name = Base; path = Base.lproj/Main.storyboard; sourceTree = "<group>"; };
		A4E522B11C57F5AE008A4AC2 /* Assets.xcassets */ = {isa = PBXFileReference; lastKnownFileType = folder.assetcatalog; path = Assets.xcassets; sourceTree = "<group>"; };
		A4E522B41C57F5AE008A4AC2 /* Base */ = {isa = PBXFileReference; lastKnownFileType = file.storyboard; name = Base; path = Base.lproj/LaunchScreen.storyboard; sourceTree = "<group>"; };
		A4E522B61C57F5AE008A4AC2 /* Info.plist */ = {isa = PBXFileReference; lastKnownFileType = text.plist.xml; path = Info.plist; sourceTree = "<group>"; };
/* End PBXFileReference section */

/* Begin PBXFrameworksBuildPhase section */
		A4E522A41C57F5AE008A4AC2 /* Frameworks */ = {
			isa = PBXFrameworksBuildPhase;
			buildActionMask = 2147483647;
			files = (
			);
			runOnlyForDeploymentPostprocessing = 0;
		};
/* End PBXFrameworksBuildPhase section */

/* Begin PBXGroup section */
		A4E5229E1C57F5AE008A4AC2 = {
			isa = PBXGroup;
			children = (
				A4E522A91C57F5AE008A4AC2 /* retro-calculator */,
				A4E522A81C57F5AE008A4AC2 /* Products */,
			);
			sourceTree = "<group>";
		};
		A4E522A81C57F5AE008A4AC2 /* Products */ = {
			isa = PBXGroup;
			children = (
				A4E522A71C57F5AE008A4AC2 /* retro-calculator.app */,
			);
			name = Products;
			sourceTree = "<group>";
		};
		A4E522A91C57F5AE008A4AC2 /* retro-calculator */ = {
			isa = PBXGroup;
			children = (
				A4E522AA1C57F5AE008A4AC2 /* AppDelegate.swift */,
				A4E522AC1C57F5AE008A4AC2 /* ViewController.swift */,
				A4E522AE1C57F5AE008A4AC2 /* Main.storyboard */,
				A4E522B11C57F5AE008A4AC2 /* Assets.xcassets */,
				A4E522B31C57F5AE008A4AC2 /* LaunchScreen.storyboard */,
				A4E522B61C57F5AE008A4AC2 /* Info.plist */,
			);
			path = "retro-calculator";
			sourceTree = "<group>";
		};
/* End PBXGroup section */

/* Begin PBXNativeTarget section */
		A4E522A61C57F5AE008A4AC2 /* retro-calculator */ = {
			isa = PBXNativeTarget;
			buildConfigurationList = A4E522B91C57F5AE008A4AC2 /* Build configuration list for PBXNativeTarget "retro-calculator" */;
			buildPhases = (
				A4E522A31C57F5AE008A4AC2 /* Sources */,
				A4E522A41C57F5AE008A4AC2 /* Frameworks */,
				A4E522A51C57F5AE008A4AC2 /* Resources */,
			);
			buildRules = (
			);
			dependencies = (
			);
			name = "retro-calculator";
			productName = "retro-calculator";
			productReference = A4E522A71C57F5AE008A4AC2 /* retro-calculator.app */;
			productType = "com.apple.product-type.application";
		};
/* End PBXNativeTarget section */

/* Begin PBXProject section */
		A4E5229F1C57F5AE008A4AC2 /* Project object */ = {
			isa = PBXProject;
			attributes = {
				LastSwiftUpdateCheck = 0720;
				LastUpgradeCheck = 0720;
				ORGANIZATIONNAME = "Stuart Felker";
				TargetAttributes = {
					A4E522A61C57F5AE008A4AC2 = {
						CreatedOnToolsVersion = 7.2;
					};
				};
			};
			buildConfigurationList = A4E522A21C57F5AE008A4AC2 /* Build configuration list for PBXProject "retro-calculator" */;
			compatibilityVersion = "Xcode 3.2";
			developmentRegion = English;
			hasScannedForEncodings = 0;
			knownRegions = (
				en,
				Base,
			);
			mainGroup = A4E5229E1C57F5AE008A4AC2;
			productRefGroup = A4E522A81C57F5AE008A4AC2 /* Products */;
			projectDirPath = "";
			projectRoot = "";
			targets = (
				A4E522A61C57F5AE008A4AC2 /* retro-calculator */,
			);
		};
/* End PBXProject section */

/* Begin PBXResourcesBuildPhase section */
		A4E522A51C57F5AE008A4AC2 /* Resources */ = {
			isa = PBXResourcesBuildPhase;
			buildActionMask = 2147483647;
			files = (
				A4E522B51C57F5AE008A4AC2 /* LaunchScreen.storyboard in Resources */,
				A4E522B21C57F5AE008A4AC2 /* Assets.xcassets in Resources */,
				A4E522B01C57F5AE008A4AC2 /* Main.storyboard in Resources */,
			);
			runOnlyForDeploymentPostprocessing = 0;
		};
/* End PBXResourcesBuildPhase section */

/* Begin PBXSourcesBuildPhase section */
		A4E522A31C57F5AE008A4AC2 /* Sources */ = {
			isa = PBXSourcesBuildPhase;
			buildActionMask = 2147483647;
			files = (
				A4E522AD1C57F5AE008A4AC2 /* ViewController.swift in Sources */,
				A4E522AB1C57F5AE008A4AC2 /* AppDelegate.swift in Sources */,
			);
			runOnlyForDeploymentPostprocessing = 0;
		};
/* End PBXSourcesBuildPhase section */

/* Begin PBXVariantGroup section */
		A4E522AE1C57F5AE008A4AC2 /* Main.storyboard */ = {
			isa = PBXVariantGroup;
			children = (
				A4E522AF1C57F5AE008A4AC2 /* Base */,
			);
			name = Main.storyboard;
			sourceTree = "<group>";
		};
		A4E522B31C57F5AE008A4AC2 /* LaunchScreen.storyboard */ = {
			isa = PBXVariantGroup;
			children = (
				A4E522B41C57F5AE008A4AC2 /* Base */,
			);
			name = LaunchScreen.storyboard;
			sourceTree = "<group>";
		};
/* End PBXVariantGroup section */

/* Begin XCBuildConfiguration section */
		A4E522B71C57F5AE008A4AC2 /* Debug */ = {
			isa = XCBuildConfiguration;
			buildSettings = {
				ALWAYS_SEARCH_USER_PATHS = NO;
				CLANG_CXX_LANGUAGE_STANDARD = "gnu++0x";
				CLANG_CXX_LIBRARY = "libc++";
				CLANG_ENABLE_MODULES = YES;
				CLANG_ENABLE_OBJC_ARC = YES;
				CLANG_WARN_BOOL_CONVERSION = YES;
				CLANG_WARN_CONSTANT_CONVERSION = YES;
				CLANG_WARN_DIRECT_OBJC_ISA_USAGE = YES_ERROR;
				CLANG_WARN_EMPTY_BODY = YES;
				CLANG_WARN_ENUM_CONVERSION = YES;
				CLANG_WARN_INT_CONVERSION = YES;
				CLANG_WARN_OBJC_ROOT_CLASS = YES_ERROR;
				CLANG_WARN_UNREACHABLE_CODE = YES;
				CLANG_WARN__DUPLICATE_METHOD_MATCH = YES;
				"CODE_SIGN_IDENTITY[sdk=iphoneos*]" = "iPhone Developer";
				COPY_PHASE_STRIP = NO;
				DEBUG_INFORMATION_FORMAT = dwarf;
				ENABLE_STRICT_OBJC_MSGSEND = YES;
				ENABLE_TESTABILITY = YES;
				GCC_C_LANGUAGE_STANDARD = gnu99;
				GCC_DYNAMIC_NO_PIC = NO;
				GCC_NO_COMMON_BLOCKS = YES;
				GCC_OPTIMIZATION_LEVEL = 0;
				GCC_PREPROCESSOR_DEFINITIONS = (
					"DEBUG=1",
					"$(inherited)",
				);
				GCC_WARN_64_TO_32_BIT_CONVERSION = YES;
				GCC_WARN_ABOUT_RETURN_TYPE = YES_ERROR;
				GCC_WARN_UNDECLARED_SELECTOR = YES;
				GCC_WARN_UNINITIALIZED_AUTOS = YES_AGGRESSIVE;
				GCC_WARN_UNUSED_FUNCTION = YES;
				GCC_WARN_UNUSED_VARIABLE = YES;
				IPHONEOS_DEPLOYMENT_TARGET = 9.2;
				MTL_ENABLE_DEBUG_INFO = YES;
				ONLY_ACTIVE_ARCH = YES;
				SDKROOT = iphoneos;
				SWIFT_OPTIMIZATION_LEVEL = "-Onone";
			};
			name = Debug;
		};
		A4E522B81C57F5AE008A4AC2 /* Release */ = {
			isa = XCBuildConfiguration;
			buildSettings = {
				ALWAYS_SEARCH_USER_PATHS = NO;
				CLANG_CXX_LANGUAGE_STANDARD = "gnu++0x";
				CLANG_CXX_LIBRARY = "libc++";
				CLANG_ENABLE_MODULES = YES;
				CLANG_ENABLE_OBJC_ARC = YES;
				CLANG_WARN_BOOL_CONVERSION = YES;
				CLANG_WARN_CONSTANT_CONVERSION = YES;
				CLANG_WARN_DIRECT_OBJC_ISA_USAGE = YES_ERROR;
				CLANG_WARN_EMPTY_BODY = YES;
				CLANG_WARN_ENUM_CONVERSION = YES;
				CLANG_WARN_INT_CONVERSION = YES;
				CLANG_WARN_OBJC_ROOT_CLASS = YES_ERROR;
				CLANG_WARN_UNREACHABLE_CODE = YES;
				CLANG_WARN__DUPLICATE_METHOD_MATCH = YES;
				"CODE_SIGN_IDENTITY[sdk=iphoneos*]" = "iPhone Developer";
				COPY_PHASE_STRIP = NO;
				DEBUG_INFORMATION_FORMAT = "dwarf-with-dsym";
				ENABLE_NS_ASSERTIONS = NO;
				ENABLE_STRICT_OBJC_MSGSEND = YES;
				GCC_C_LANGUAGE_STANDARD = gnu99;
				GCC_NO_COMMON_BLOCKS = YES;
				GCC_WARN_64_TO_32_BIT_CONVERSION = YES;
				GCC_WARN_ABOUT_RETURN_TYPE = YES_ERROR;
				GCC_WARN_UNDECLARED_SELECTOR = YES;
				GCC_WARN_UNINITIALIZED_AUTOS = YES_AGGRESSIVE;
				GCC_WARN_UNUSED_FUNCTION = YES;
				GCC_WARN_UNUSED_VARIABLE = YES;
				IPHONEOS_DEPLOYMENT_TARGET = 9.2;
				MTL_ENABLE_DEBUG_INFO = NO;
				SDKROOT = iphoneos;
				VALIDATE_PRODUCT = YES;
			};
			name = Release;
		};
		A4E522BA1C57F5AE008A4AC2 /* Debug */ = {
			isa = XCBuildConfiguration;
			buildSettings = {
				ASSETCATALOG_COMPILER_APPICON_NAME = AppIcon;
				INFOPLIST_FILE = "retro-calculator/Info.plist";
				LD_RUNPATH_SEARCH_PATHS = "$(inherited) @executable_path/Frameworks";
				PRODUCT_BUNDLE_IDENTIFIER = "TwoTides.retro-calculator";
				PRODUCT_NAME = "$(TARGET_NAME)";
			};
			name = Debug;
		};
		A4E522BB1C57F5AE008A4AC2 /* Release */ = {
			isa = XCBuildConfiguration;
			buildSettings = {
				ASSETCATALOG_COMPILER_APPICON_NAME = AppIcon;
				INFOPLIST_FILE = "retro-calculator/Info.plist";
				LD_RUNPATH_SEARCH_PATHS = "$(inherited) @executable_path/Frameworks";
				PRODUCT_BUNDLE_IDENTIFIER = "TwoTides.retro-calculator";
				PRODUCT_NAME = "$(TARGET_NAME)";
			};
			name = Release;
		};
/* End XCBuildConfiguration section */

/* Begin XCConfigurationList section */
		A4E522A21C57F5AE008A4AC2 /* Build configuration list for PBXProject "retro-calculator" */ = {
			isa = XCConfigurationList;
			buildConfigurations = (
				A4E522B71C57F5AE008A4AC2 /* Debug */,
				A4E522B81C57F5AE008A4AC2 /* Release */,
			);
			defaultConfigurationIsVisible = 0;
			defaultConfigurationName = Release;
		};
		A4E522B91C57F5AE008A4AC2 /* Build configuration list for PBXNativeTarget "retro-calculator" */ = {
			isa = XCConfigurationList;
			buildConfigurations = (
				A4E522BA1C57F5AE008A4AC2 /* Debug */,
				A4E522BB1C57F5AE008A4AC2 /* Release */,
			);
			defaultConfigurationIsVisible = 0;
		};
/* End XCConfigurationList section */
	};
	rootObject = A4E5229F1C57F5AE008A4AC2 /* Project object */;
}
